Microsoft Visual Studio Solution File, Format Version 12.00
# Visual Studio Version 17
VisualStudioVersion = 17.0.31903.59
MinimumVisualStudioVersion = 10.0.40219.1
Project("{FAE04EC0-301F-11D3-BF4B-00C04F79EFBC}") = "FoxLED", "FoxLED\FoxLED.csproj", "{A74E9B3D-12D0-4A8E-87AC-9B3D8DF7DDBF}"
EndProject
Project("{FAE04EC0-301F-11D3-BF4B-00C04F79EFBC}") = "FoxLED Server", "FoxLED Server\FoxLED Server.csproj", "{CEAE653A-21D0-4A8E-87AC-9B3D8DF7DDBE}"
EndProject
Global
	GlobalSection(SolutionConfigurationPlatforms) = preSolution
		Debug|Any CPU = Debug|Any CPU
		Release|Any CPU = Release|Any CPU
	EndGlobalSection
	GlobalSection(SolutionProperties) = preSolution
		HideSolutionNode = FALSE
	EndGlobalSection
	GlobalSection(ProjectConfigurationPlatforms) = postSolution
		{A74E9B3D-12D0-4A8E-87AC-9B3D8DF7DDBF}.Debug|Any CPU.ActiveCfg = Debug|Any CPU
		{A74E9B3D-12D0-4A8E-87AC-9B3D8DF7DDBF}.Debug|Any CPU.Build.0 = Debug|Any CPU
		{A74E9B3D-12D0-4A8E-87AC-9B3D8DF7DDBF}.Release|Any CPU.ActiveCfg = Release|Any CPU
		{A74E9B3D-12D0-4A8E-87AC-9B3D8DF7DDBF}.Release|Any CPU.Build.0 = Release|Any CPU
		{CEAE653A-21D0-4A8E-87AC-9B3D8DF7DDBE}.Debug|Any CPU.ActiveCfg = Debug|Any CPU
		{CEAE653A-21D0-4A8E-87AC-9B3D8DF7DDBE}.Debug|Any CPU.Build.0 = Debug|Any CPU
		{CEAE653A-21D0-4A8E-87AC-9B3D8DF7DDBE}.Release|Any CPU.ActiveCfg = Release|Any CPU
		{CEAE653A-21D0-4A8E-87AC-9B3D8DF7DDBE}.Release|Any CPU.Build.0 = Release|Any CPU
	EndGlobalSection
EndGlobal
